// !$*UTF8*$!
{
	archiveVersion = 1;
	classes = {
	};
	objectVersion = 56;
	objects = {

/* Begin PBXBuildFile section */
		14067C9829F2F7E300EDA676 /* AppDelegate.swift in Sources */ = {isa = PBXBuildFile; fileRef = 14067C9729F2F7E300EDA676 /* AppDelegate.swift */; };
		14067C9A29F2F7E300EDA676 /* SceneDelegate.swift in Sources */ = {isa = PBXBuildFile; fileRef = 14067C9929F2F7E300EDA676 /* SceneDelegate.swift */; };
		14067C9C29F2F7E300EDA676 /* ViewController.swift in Sources */ = {isa = PBXBuildFile; fileRef = 14067C9B29F2F7E300EDA676 /* ViewController.swift */; };
		14067C9F29F2F7E300EDA676 /* Main.storyboard in Resources */ = {isa = PBXBuildFile; fileRef = 14067C9D29F2F7E300EDA676 /* Main.storyboard */; };
		14067CA129F2F7E500EDA676 /* Assets.xcassets in Resources */ = {isa = PBXBuildFile; fileRef = 14067CA029F2F7E500EDA676 /* Assets.xcassets */; };
		14067CA429F2F7E500EDA676 /* LaunchScreen.storyboard in Resources */ = {isa = PBXBuildFile; fileRef = 14067CA229F2F7E500EDA676 /* LaunchScreen.storyboard */; };
		14067CAC29F3093800EDA676 /* GoogleService-Info.plist in Resources */ = {isa = PBXBuildFile; fileRef = 14067CAB29F3093800EDA676 /* GoogleService-Info.plist */; };
		14A831CB29F801A6006BC1C7 /* FirebaseAnalytics in Frameworks */ = {isa = PBXBuildFile; productRef = 14A831CA29F801A6006BC1C7 /* FirebaseAnalytics */; };
		14A831CD29F801A6006BC1C7 /* FirebaseAnalyticsOnDeviceConversion in Frameworks */ = {isa = PBXBuildFile; productRef = 14A831CC29F801A6006BC1C7 /* FirebaseAnalyticsOnDeviceConversion */; };
		14A831CF29F801A6006BC1C7 /* FirebaseAnalyticsSwift in Frameworks */ = {isa = PBXBuildFile; productRef = 14A831CE29F801A6006BC1C7 /* FirebaseAnalyticsSwift */; };
		14A831D129F801A6006BC1C7 /* FirebaseAnalyticsWithoutAdIdSupport in Frameworks */ = {isa = PBXBuildFile; productRef = 14A831D029F801A6006BC1C7 /* FirebaseAnalyticsWithoutAdIdSupport */; };
		14A831D329F801A6006BC1C7 /* FirebaseAppCheck in Frameworks */ = {isa = PBXBuildFile; productRef = 14A831D229F801A6006BC1C7 /* FirebaseAppCheck */; };
		14A831D529F801A6006BC1C7 /* FirebaseAuth in Frameworks */ = {isa = PBXBuildFile; productRef = 14A831D429F801A6006BC1C7 /* FirebaseAuth */; };
		14A831D729F801A6006BC1C7 /* FirebaseAuthCombine-Community in Frameworks */ = {isa = PBXBuildFile; productRef = 14A831D629F801A6006BC1C7 /* FirebaseAuthCombine-Community */; };
		14A831D929F801A6006BC1C7 /* FirebaseDatabase in Frameworks */ = {isa = PBXBuildFile; productRef = 14A831D829F801A6006BC1C7 /* FirebaseDatabase */; };
		14A831DB29F801A6006BC1C7 /* FirebaseDatabaseSwift in Frameworks */ = {isa = PBXBuildFile; productRef = 14A831DA29F801A6006BC1C7 /* FirebaseDatabaseSwift */; };
		14A831DD29F80212006BC1C7 /* AppCheckProviderFactory.swift in Sources */ = {isa = PBXBuildFile; fileRef = 14A831DC29F80212006BC1C7 /* AppCheckProviderFactory.swift */; };
/* End PBXBuildFile section */

/* Begin PBXFileReference section */
		14067C9429F2F7E300EDA676 /* KZPRISMSPackageScanner.app */ = {isa = PBXFileReference; explicitFileType = wrapper.application; includeInIndex = 0; path = KZPRISMSPackageScanner.app; sourceTree = BUILT_PRODUCTS_DIR; };
		14067C9729F2F7E300EDA676 /* AppDelegate.swift */ = {isa = PBXFileReference; lastKnownFileType = sourcecode.swift; path = AppDelegate.swift; sourceTree = "<group>"; };
		14067C9929F2F7E300EDA676 /* SceneDelegate.swift */ = {isa = PBXFileReference; lastKnownFileType = sourcecode.swift; path = SceneDelegate.swift; sourceTree = "<group>"; };
		14067C9B29F2F7E300EDA676 /* ViewController.swift */ = {isa = PBXFileReference; lastKnownFileType = sourcecode.swift; path = ViewController.swift; sourceTree = "<group>"; };
		14067C9E29F2F7E300EDA676 /* Base */ = {isa = PBXFileReference; lastKnownFileType = file.storyboard; name = Base; path = Base.lproj/Main.storyboard; sourceTree = "<group>"; };
		14067CA029F2F7E500EDA676 /* Assets.xcassets */ = {isa = PBXFileReference; lastKnownFileType = folder.assetcatalog; path = Assets.xcassets; sourceTree = "<group>"; };
		14067CA329F2F7E500EDA676 /* Base */ = {isa = PBXFileReference; lastKnownFileType = file.storyboard; name = Base; path = Base.lproj/LaunchScreen.storyboard; sourceTree = "<group>"; };
		14067CA529F2F7E500EDA676 /* Info.plist */ = {isa = PBXFileReference; lastKnownFileType = text.plist.xml; path = Info.plist; sourceTree = "<group>"; };
		14067CAB29F3093800EDA676 /* GoogleService-Info.plist */ = {isa = PBXFileReference; fileEncoding = 4; lastKnownFileType = text.plist.xml; path = "GoogleService-Info.plist"; sourceTree = "<group>"; };
		14A831DC29F80212006BC1C7 /* AppCheckProviderFactory.swift */ = {isa = PBXFileReference; lastKnownFileType = sourcecode.swift; path = AppCheckProviderFactory.swift; sourceTree = "<group>"; };
/* End PBXFileReference section */

/* Begin PBXFrameworksBuildPhase section */
		14067C9129F2F7E300EDA676 /* Frameworks */ = {
			isa = PBXFrameworksBuildPhase;
			buildActionMask = 2147483647;
			files = (
				14A831CF29F801A6006BC1C7 /* FirebaseAnalyticsSwift in Frameworks */,
				14A831D529F801A6006BC1C7 /* FirebaseAuth in Frameworks */,
				14A831CB29F801A6006BC1C7 /* FirebaseAnalytics in Frameworks */,
				14A831DB29F801A6006BC1C7 /* FirebaseDatabaseSwift in Frameworks */,
				14A831CD29F801A6006BC1C7 /* FirebaseAnalyticsOnDeviceConversion in Frameworks */,
				14A831D329F801A6006BC1C7 /* FirebaseAppCheck in Frameworks */,
				14A831D729F801A6006BC1C7 /* FirebaseAuthCombine-Community in Frameworks */,
				14A831D929F801A6006BC1C7 /* FirebaseDatabase in Frameworks */,
				14A831D129F801A6006BC1C7 /* FirebaseAnalyticsWithoutAdIdSupport in Frameworks */,
			);
			runOnlyForDeploymentPostprocessing = 0;
		};
/* End PBXFrameworksBuildPhase section */

/* Begin PBXGroup section */
		14067C8B29F2F7E300EDA676 = {
			isa = PBXGroup;
			children = (
				14067C9629F2F7E300EDA676 /* KZPRISMSPackageScanner */,
				14067C9529F2F7E300EDA676 /* Products */,
			);
			sourceTree = "<group>";
		};
		14067C9529F2F7E300EDA676 /* Products */ = {
			isa = PBXGroup;
			children = (
				14067C9429F2F7E300EDA676 /* KZPRISMSPackageScanner.app */,
			);
			name = Products;
			sourceTree = "<group>";
		};
		14067C9629F2F7E300EDA676 /* KZPRISMSPackageScanner */ = {
			isa = PBXGroup;
			children = (
				14067C9729F2F7E300EDA676 /* AppDelegate.swift */,
				14A831DC29F80212006BC1C7 /* AppCheckProviderFactory.swift */,
				14067C9929F2F7E300EDA676 /* SceneDelegate.swift */,
				14067C9B29F2F7E300EDA676 /* ViewController.swift */,
				14067C9D29F2F7E300EDA676 /* Main.storyboard */,
				14067CA029F2F7E500EDA676 /* Assets.xcassets */,
				14067CAB29F3093800EDA676 /* GoogleService-Info.plist */,
				14067CA229F2F7E500EDA676 /* LaunchScreen.storyboard */,
				14067CA529F2F7E500EDA676 /* Info.plist */,
			);
			path = KZPRISMSPackageScanner;
			sourceTree = "<group>";
		};
/* End PBXGroup section */

/* Begin PBXNativeTarget section */
		14067C9329F2F7E300EDA676 /* KZPRISMSPackageScanner */ = {
			isa = PBXNativeTarget;
			buildConfigurationList = 14067CA829F2F7E500EDA676 /* Build configuration list for PBXNativeTarget "KZPRISMSPackageScanner" */;
			buildPhases = (
				14067C9029F2F7E300EDA676 /* Sources */,
				14067C9129F2F7E300EDA676 /* Frameworks */,
				14067C9229F2F7E300EDA676 /* Resources */,
			);
			buildRules = (
			);
			dependencies = (
			);
			name = KZPRISMSPackageScanner;
			packageProductDependencies = (
				14A831CA29F801A6006BC1C7 /* FirebaseAnalytics */,
				14A831CC29F801A6006BC1C7 /* FirebaseAnalyticsOnDeviceConversion */,
				14A831CE29F801A6006BC1C7 /* FirebaseAnalyticsSwift */,
				14A831D029F801A6006BC1C7 /* FirebaseAnalyticsWithoutAdIdSupport */,
				14A831D229F801A6006BC1C7 /* FirebaseAppCheck */,
				14A831D429F801A6006BC1C7 /* FirebaseAuth */,
				14A831D629F801A6006BC1C7 /* FirebaseAuthCombine-Community */,
				14A831D829F801A6006BC1C7 /* FirebaseDatabase */,
				14A831DA29F801A6006BC1C7 /* FirebaseDatabaseSwift */,
			);
			productName = KZPRISMSPackageScanner;
			productReference = 14067C9429F2F7E300EDA676 /* KZPRISMSPackageScanner.app */;
			productType = "com.apple.product-type.application";
		};
/* End PBXNativeTarget section */

/* Begin PBXProject section */
		14067C8C29F2F7E300EDA676 /* Project object */ = {
			isa = PBXProject;
			attributes = {
				BuildIndependentTargetsInParallel = 1;
				LastSwiftUpdateCheck = 1430;
				LastUpgradeCheck = 1430;
				TargetAttributes = {
					14067C9329F2F7E300EDA676 = {
						CreatedOnToolsVersion = 14.3;
					};
				};
			};
			buildConfigurationList = 14067C8F29F2F7E300EDA676 /* Build configuration list for PBXProject "KZPRISMSPackageScanner" */;
			compatibilityVersion = "Xcode 14.0";
			developmentRegion = en;
			hasScannedForEncodings = 0;
			knownRegions = (
				en,
				Base,
			);
			mainGroup = 14067C8B29F2F7E300EDA676;
			packageReferences = (
				14A831C929F801A6006BC1C7 /* XCRemoteSwiftPackageReference "firebase-ios-sdk" */,
			);
			productRefGroup = 14067C9529F2F7E300EDA676 /* Products */;
			projectDirPath = "";
			projectRoot = "";
			targets = (
				14067C9329F2F7E300EDA676 /* KZPRISMSPackageScanner */,
			);
		};
/* End PBXProject section */

/* Begin PBXResourcesBuildPhase section */
		14067C9229F2F7E300EDA676 /* Resources */ = {
			isa = PBXResourcesBuildPhase;
			buildActionMask = 2147483647;
			files = (
				14067CA429F2F7E500EDA676 /* LaunchScreen.storyboard in Resources */,
				14067CAC29F3093800EDA676 /* GoogleService-Info.plist in Resources */,
				14067CA129F2F7E500EDA676 /* Assets.xcassets in Resources */,
				14067C9F29F2F7E300EDA676 /* Main.storyboard in Resources */,
			);
			runOnlyForDeploymentPostprocessing = 0;
		};
/* End PBXResourcesBuildPhase section */

/* Begin PBXSourcesBuildPhase section */
		14067C9029F2F7E300EDA676 /* Sources */ = {
			isa = PBXSourcesBuildPhase;
			buildActionMask = 2147483647;
			files = (
				14067C9C29F2F7E300EDA676 /* ViewController.swift in Sources */,
				14067C9829F2F7E300EDA676 /* AppDelegate.swift in Sources */,
				14A831DD29F80212006BC1C7 /* AppCheckProviderFactory.swift in Sources */,
				14067C9A29F2F7E300EDA676 /* SceneDelegate.swift in Sources */,
			);
			runOnlyForDeploymentPostprocessing = 0;
		};
/* End PBXSourcesBuildPhase section */

/* Begin PBXVariantGroup section */
		14067C9D29F2F7E300EDA676 /* Main.storyboard */ = {
			isa = PBXVariantGroup;
			children = (
				14067C9E29F2F7E300EDA676 /* Base */,
			);
			name = Main.storyboard;
			sourceTree = "<group>";
		};
		14067CA229F2F7E500EDA676 /* LaunchScreen.storyboard */ = {
			isa = PBXVariantGroup;
			children = (
				14067CA329F2F7E500EDA676 /* Base */,
			);
			name = LaunchScreen.storyboard;
			sourceTree = "<group>";
		};
/* End PBXVariantGroup section */

/* Begin XCBuildConfiguration section */
		14067CA629F2F7E500EDA676 /* Debug */ = {
			isa = XCBuildConfiguration;
			buildSettings = {
				ALWAYS_SEARCH_USER_PATHS = NO;
				CLANG_ANALYZER_NONNULL = YES;
				CLANG_ANALYZER_NUMBER_OBJECT_CONVERSION = YES_AGGRESSIVE;
				CLANG_CXX_LANGUAGE_STANDARD = "gnu++20";
				CLANG_ENABLE_MODULES = YES;
				CLANG_ENABLE_OBJC_ARC = YES;
				CLANG_ENABLE_OBJC_WEAK = YES;
				CLANG_WARN_BLOCK_CAPTURE_AUTORELEASING = YES;
				CLANG_WARN_BOOL_CONVERSION = YES;
				CLANG_WARN_COMMA = YES;
				CLANG_WARN_CONSTANT_CONVERSION = YES;
				CLANG_WARN_DEPRECATED_OBJC_IMPLEMENTATIONS = YES;
				CLANG_WARN_DIRECT_OBJC_ISA_USAGE = YES_ERROR;
				CLANG_WARN_DOCUMENTATION_COMMENTS = YES;
				CLANG_WARN_EMPTY_BODY = YES;
				CLANG_WARN_ENUM_CONVERSION = YES;
				CLANG_WARN_INFINITE_RECURSION = YES;
				CLANG_WARN_INT_CONVERSION = YES;
				CLANG_WARN_NON_LITERAL_NULL_CONVERSION = YES;
				CLANG_WARN_OBJC_IMPLICIT_RETAIN_SELF = YES;
				CLANG_WARN_OBJC_LITERAL_CONVERSION = YES;
				CLANG_WARN_OBJC_ROOT_CLASS = YES_ERROR;
				CLANG_WARN_QUOTED_INCLUDE_IN_FRAMEWORK_HEADER = YES;
				CLANG_WARN_RANGE_LOOP_ANALYSIS = YES;
				CLANG_WARN_STRICT_PROTOTYPES = YES;
				CLANG_WARN_SUSPICIOUS_MOVE = YES;
				CLANG_WARN_UNGUARDED_AVAILABILITY = YES_AGGRESSIVE;
				CLANG_WARN_UNREACHABLE_CODE = YES;
				CLANG_WARN__DUPLICATE_METHOD_MATCH = YES;
				COPY_PHASE_STRIP = NO;
				DEBUG_INFORMATION_FORMAT = dwarf;
				ENABLE_STRICT_OBJC_MSGSEND = YES;
				ENABLE_TESTABILITY = YES;
				GCC_C_LANGUAGE_STANDARD = gnu11;
				GCC_DYNAMIC_NO_PIC = NO;
				GCC_NO_COMMON_BLOCKS = YES;
				GCC_OPTIMIZATION_LEVEL = 0;
				GCC_PREPROCESSOR_DEFINITIONS = (
					"DEBUG=1",
					"$(inherited)",
				);
				GCC_WARN_64_TO_32_BIT_CONVERSION = YES;
				GCC_WARN_ABOUT_RETURN_TYPE = YES_ERROR;
				GCC_WARN_UNDECLARED_SELECTOR = YES;
				GCC_WARN_UNINITIALIZED_AUTOS = YES_AGGRESSIVE;
				GCC_WARN_UNUSED_FUNCTION = YES;
				GCC_WARN_UNUSED_VARIABLE = YES;
				IPHONEOS_DEPLOYMENT_TARGET = 16.4;
				MTL_ENABLE_DEBUG_INFO = INCLUDE_SOURCE;
				MTL_FAST_MATH = YES;
				ONLY_ACTIVE_ARCH = YES;
				SDKROOT = iphoneos;
				SWIFT_ACTIVE_COMPILATION_CONDITIONS = DEBUG;
				SWIFT_OPTIMIZATION_LEVEL = "-Onone";
			};
			name = Debug;
		};
		14067CA729F2F7E500EDA676 /* Release */ = {
			isa = XCBuildConfiguration;
			buildSettings = {
				ALWAYS_SEARCH_USER_PATHS = NO;
				CLANG_ANALYZER_NONNULL = YES;
				CLANG_ANALYZER_NUMBER_OBJECT_CONVERSION = YES_AGGRESSIVE;
				CLANG_CXX_LANGUAGE_STANDARD = "gnu++20";
				CLANG_ENABLE_MODULES = YES;
				CLANG_ENABLE_OBJC_ARC = YES;
				CLANG_ENABLE_OBJC_WEAK = YES;
				CLANG_WARN_BLOCK_CAPTURE_AUTORELEASING = YES;
				CLANG_WARN_BOOL_CONVERSION = YES;
				CLANG_WARN_COMMA = YES;
				CLANG_WARN_CONSTANT_CONVERSION = YES;
				CLANG_WARN_DEPRECATED_OBJC_IMPLEMENTATIONS = YES;
				CLANG_WARN_DIRECT_OBJC_ISA_USAGE = YES_ERROR;
				CLANG_WARN_DOCUMENTATION_COMMENTS = YES;
				CLANG_WARN_EMPTY_BODY = YES;
				CLANG_WARN_ENUM_CONVERSION = YES;
				CLANG_WARN_INFINITE_RECURSION = YES;
				CLANG_WARN_INT_CONVERSION = YES;
				CLANG_WARN_NON_LITERAL_NULL_CONVERSION = YES;
				CLANG_WARN_OBJC_IMPLICIT_RETAIN_SELF = YES;
				CLANG_WARN_OBJC_LITERAL_CONVERSION = YES;
				CLANG_WARN_OBJC_ROOT_CLASS = YES_ERROR;
				CLANG_WARN_QUOTED_INCLUDE_IN_FRAMEWORK_HEADER = YES;
				CLANG_WARN_RANGE_LOOP_ANALYSIS = YES;
				CLANG_WARN_STRICT_PROTOTYPES = YES;
				CLANG_WARN_SUSPICIOUS_MOVE = YES;
				CLANG_WARN_UNGUARDED_AVAILABILITY = YES_AGGRESSIVE;
				CLANG_WARN_UNREACHABLE_CODE = YES;
				CLANG_WARN__DUPLICATE_METHOD_MATCH = YES;
				COPY_PHASE_STRIP = NO;
				DEBUG_INFORMATION_FORMAT = "dwarf-with-dsym";
				ENABLE_NS_ASSERTIONS = NO;
				ENABLE_STRICT_OBJC_MSGSEND = YES;
				GCC_C_LANGUAGE_STANDARD = gnu11;
				GCC_NO_COMMON_BLOCKS = YES;
				GCC_WARN_64_TO_32_BIT_CONVERSION = YES;
				GCC_WARN_ABOUT_RETURN_TYPE = YES_ERROR;
				GCC_WARN_UNDECLARED_SELECTOR = YES;
				GCC_WARN_UNINITIALIZED_AUTOS = YES_AGGRESSIVE;
				GCC_WARN_UNUSED_FUNCTION = YES;
				GCC_WARN_UNUSED_VARIABLE = YES;
				IPHONEOS_DEPLOYMENT_TARGET = 16.4;
				MTL_ENABLE_DEBUG_INFO = NO;
				MTL_FAST_MATH = YES;
				SDKROOT = iphoneos;
				SWIFT_COMPILATION_MODE = wholemodule;
				SWIFT_OPTIMIZATION_LEVEL = "-O";
				VALIDATE_PRODUCT = YES;
			};
			name = Release;
		};
		14067CA929F2F7E500EDA676 /* Debug */ = {
			isa = XCBuildConfiguration;
			buildSettings = {
				ASSETCATALOG_COMPILER_APPICON_NAME = AppIcon;
				ASSETCATALOG_COMPILER_GLOBAL_ACCENT_COLOR_NAME = AccentColor;
				CODE_SIGN_STYLE = Automatic;
				CURRENT_PROJECT_VERSION = 1;
				DEVELOPMENT_TEAM = 87ZMRQ37N7;
				GENERATE_INFOPLIST_FILE = YES;
				INFOPLIST_FILE = KZPRISMSPackageScanner/Info.plist;
				INFOPLIST_KEY_CFBundleDisplayName = "PRISMS Package Scanner";
				INFOPLIST_KEY_LSApplicationCategoryType = "public.app-category.utilities";
				INFOPLIST_KEY_NSCameraUsageDescription = Placeholder;
				INFOPLIST_KEY_UIApplicationSupportsIndirectInputEvents = YES;
				INFOPLIST_KEY_UILaunchStoryboardName = LaunchScreen;
				INFOPLIST_KEY_UIMainStoryboardFile = Main;
				INFOPLIST_KEY_UISupportedInterfaceOrientations = UIInterfaceOrientationPortrait;
				LD_RUNPATH_SEARCH_PATHS = (
					"$(inherited)",
					"@executable_path/Frameworks",
				);
				MARKETING_VERSION = 1.0;
				PRODUCT_BUNDLE_IDENTIFIER = KZ.KZPRISMSPackageScanner;
				PRODUCT_NAME = "$(TARGET_NAME)";
				SWIFT_EMIT_LOC_STRINGS = YES;
				SWIFT_VERSION = 5.0;
				TARGETED_DEVICE_FAMILY = "1,2";
			};
			name = Debug;
		};
		14067CAA29F2F7E500EDA676 /* Release */ = {
			isa = XCBuildConfiguration;
			buildSettings = {
				ASSETCATALOG_COMPILER_APPICON_NAME = AppIcon;
				ASSETCATALOG_COMPILER_GLOBAL_ACCENT_COLOR_NAME = AccentColor;
				CODE_SIGN_STYLE = Automatic;
				CURRENT_PROJECT_VERSION = 1;
				DEVELOPMENT_TEAM = 87ZMRQ37N7;
				GENERATE_INFOPLIST_FILE = YES;
				INFOPLIST_FILE = KZPRISMSPackageScanner/Info.plist;
				INFOPLIST_KEY_CFBundleDisplayName = "PRISMS Package Scanner";
				INFOPLIST_KEY_LSApplicationCategoryType = "public.app-category.utilities";
				INFOPLIST_KEY_NSCameraUsageDescription = Placeholder;
				INFOPLIST_KEY_UIApplicationSupportsIndirectInputEvents = YES;
				INFOPLIST_KEY_UILaunchStoryboardName = LaunchScreen;
				INFOPLIST_KEY_UIMainStoryboardFile = Main;
				INFOPLIST_KEY_UISupportedInterfaceOrientations = UIInterfaceOrientationPortrait;
				LD_RUNPATH_SEARCH_PATHS = (
					"$(inherited)",
					"@executable_path/Frameworks",
				);
				MARKETING_VERSION = 1.0;
				PRODUCT_BUNDLE_IDENTIFIER = KZ.KZPRISMSPackageScanner;
				PRODUCT_NAME = "$(TARGET_NAME)";
				SWIFT_EMIT_LOC_STRINGS = YES;
				SWIFT_VERSION = 5.0;
				TARGETED_DEVICE_FAMILY = "1,2";
			};
			name = Release;
		};
/* End XCBuildConfiguration section */

/* Begin XCConfigurationList section */
		14067C8F29F2F7E300EDA676 /* Build configuration list for PBXProject "KZPRISMSPackageScanner" */ = {
			isa = XCConfigurationList;
			buildConfigurations = (
				14067CA629F2F7E500EDA676 /* Debug */,
				14067CA729F2F7E500EDA676 /* Release */,
			);
			defaultConfigurationIsVisible = 0;
			defaultConfigurationName = Release;
		};
		14067CA829F2F7E500EDA676 /* Build configuration list for PBXNativeTarget "KZPRISMSPackageScanner" */ = {
			isa = XCConfigurationList;
			buildConfigurations = (
				14067CA929F2F7E500EDA676 /* Debug */,
				14067CAA29F2F7E500EDA676 /* Release */,
			);
			defaultConfigurationIsVisible = 0;
			defaultConfigurationName = Release;
		};
/* End XCConfigurationList section */

/* Begin XCRemoteSwiftPackageReference section */
		14A831C929F801A6006BC1C7 /* XCRemoteSwiftPackageReference "firebase-ios-sdk" */ = {
			isa = XCRemoteSwiftPackageReference;
			repositoryURL = "https://github.com/firebase/firebase-ios-sdk";
			requirement = {
				kind = upToNextMinorVersion;
				minimumVersion = 10.8.0;
			};
		};
/* End XCRemoteSwiftPackageReference section */

/* Begin XCSwiftPackageProductDependency section */
		14A831CA29F801A6006BC1C7 /* FirebaseAnalytics */ = {
			isa = XCSwiftPackageProductDependency;
			package = 14A831C929F801A6006BC1C7 /* XCRemoteSwiftPackageReference "firebase-ios-sdk" */;
			productName = FirebaseAnalytics;
		};
		14A831CC29F801A6006BC1C7 /* FirebaseAnalyticsOnDeviceConversion */ = {
			isa = XCSwiftPackageProductDependency;
			package = 14A831C929F801A6006BC1C7 /* XCRemoteSwiftPackageReference "firebase-ios-sdk" */;
			productName = FirebaseAnalyticsOnDeviceConversion;
		};
		14A831CE29F801A6006BC1C7 /* FirebaseAnalyticsSwift */ = {
			isa = XCSwiftPackageProductDependency;
			package = 14A831C929F801A6006BC1C7 /* XCRemoteSwiftPackageReference "firebase-ios-sdk" */;
			productName = FirebaseAnalyticsSwift;
		};
		14A831D029F801A6006BC1C7 /* FirebaseAnalyticsWithoutAdIdSupport */ = {
			isa = XCSwiftPackageProductDependency;
			package = 14A831C929F801A6006BC1C7 /* XCRemoteSwiftPackageReference "firebase-ios-sdk" */;
			productName = FirebaseAnalyticsWithoutAdIdSupport;
		};
		14A831D229F801A6006BC1C7 /* FirebaseAppCheck */ = {
			isa = XCSwiftPackageProductDependency;
			package = 14A831C929F801A6006BC1C7 /* XCRemoteSwiftPackageReference "firebase-ios-sdk" */;
			productName = FirebaseAppCheck;
		};
		14A831D429F801A6006BC1C7 /* FirebaseAuth */ = {
			isa = XCSwiftPackageProductDependency;
			package = 14A831C929F801A6006BC1C7 /* XCRemoteSwiftPackageReference "firebase-ios-sdk" */;
			productName = FirebaseAuth;
		};
		14A831D629F801A6006BC1C7 /* FirebaseAuthCombine-Community */ = {
			isa = XCSwiftPackageProductDependency;
			package = 14A831C929F801A6006BC1C7 /* XCRemoteSwiftPackageReference "firebase-ios-sdk" */;
			productName = "FirebaseAuthCombine-Community";
		};
		14A831D829F801A6006BC1C7 /* FirebaseDatabase */ = {
			isa = XCSwiftPackageProductDependency;
			package = 14A831C929F801A6006BC1C7 /* XCRemoteSwiftPackageReference "firebase-ios-sdk" */;
			productName = FirebaseDatabase;
		};
		14A831DA29F801A6006BC1C7 /* FirebaseDatabaseSwift */ = {
			isa = XCSwiftPackageProductDependency;
			package = 14A831C929F801A6006BC1C7 /* XCRemoteSwiftPackageReference "firebase-ios-sdk" */;
			productName = FirebaseDatabaseSwift;
		};
/* End XCSwiftPackageProductDependency section */
	};
	rootObject = 14067C8C29F2F7E300EDA676 /* Project object */;
}
